// !$*UTF8*$!
{
	archiveVersion = 1;
	classes = {
	};
	objectVersion = 50;
	objects = {

/* Begin PBXBuildFile section */
		733EDC212458B3D20020AD96 /* Sound.swift in Sources */ = {isa = PBXBuildFile; fileRef = 733EDC202458B3D20020AD96 /* Sound.swift */; };
		733EDC232458B8920020AD96 /* AlarmListTableViewController.swift in Sources */ = {isa = PBXBuildFile; fileRef = 733EDC222458B8920020AD96 /* AlarmListTableViewController.swift */; };
		733EDC252458B9B70020AD96 /* SoundListTableViewController.swift in Sources */ = {isa = PBXBuildFile; fileRef = 733EDC242458B9B70020AD96 /* SoundListTableViewController.swift */; };
		7368B775246068D8009C68C4 /* SoundManager.swift in Sources */ = {isa = PBXBuildFile; fileRef = 7368B774246068D8009C68C4 /* SoundManager.swift */; };
		7368B77724606929009C68C4 /* ErrorManager.swift in Sources */ = {isa = PBXBuildFile; fileRef = 7368B77624606929009C68C4 /* ErrorManager.swift */; };
		7368B77924607035009C68C4 /* Sounds.swift in Sources */ = {isa = PBXBuildFile; fileRef = 7368B77824607035009C68C4 /* Sounds.swift */; };
		73877A93244F61F500E0297D /* Alarm.swift in Sources */ = {isa = PBXBuildFile; fileRef = 73877A92244F61F500E0297D /* Alarm.swift */; };
		73877A96244F77B800E0297D /* SettingsTableViewController.swift in Sources */ = {isa = PBXBuildFile; fileRef = 73877A95244F77B800E0297D /* SettingsTableViewController.swift */; };
		73877A98244F830D00E0297D /* Constants.swift in Sources */ = {isa = PBXBuildFile; fileRef = 73877A97244F830D00E0297D /* Constants.swift */; };
		73877A9C244F8BB000E0297D /* NavigationViewController.swift in Sources */ = {isa = PBXBuildFile; fileRef = 73877A9B244F8BB000E0297D /* NavigationViewController.swift */; };
		73B13B4A24644E1D007AE9F4 /* UITableView+HideEmptyCells.swift in Sources */ = {isa = PBXBuildFile; fileRef = 73B13B4924644E1D007AE9F4 /* UITableView+HideEmptyCells.swift */; };
		73B13B4C2464619F007AE9F4 /* UITableView+ShowInfoWhenEmpty.swift in Sources */ = {isa = PBXBuildFile; fileRef = 73B13B4B2464619F007AE9F4 /* UITableView+ShowInfoWhenEmpty.swift */; };
		73CC1EBD24378A1F009744F1 /* AlarmTableViewCell.swift in Sources */ = {isa = PBXBuildFile; fileRef = 73CC1EBB24378A1F009744F1 /* AlarmTableViewCell.swift */; };
		73CC1EBE24378A1F009744F1 /* AlarmTableViewCell.xib in Resources */ = {isa = PBXBuildFile; fileRef = 73CC1EBC24378A1F009744F1 /* AlarmTableViewCell.xib */; };
		73CC1EC12437A88B009744F1 /* SoundTableViewCell.swift in Sources */ = {isa = PBXBuildFile; fileRef = 73CC1EBF2437A88B009744F1 /* SoundTableViewCell.swift */; };
		73CC1EC22437A88B009744F1 /* SoundTableViewCell.xib in Resources */ = {isa = PBXBuildFile; fileRef = 73CC1EC02437A88B009744F1 /* SoundTableViewCell.xib */; };
		73D8614D246330940001A3B1 /* It Takes One.mp3 in Resources */ = {isa = PBXBuildFile; fileRef = 73D86143246330920001A3B1 /* It Takes One.mp3 */; };
		73D8614E246330940001A3B1 /* Blugrass Billy.mp3 in Resources */ = {isa = PBXBuildFile; fileRef = 73D86144246330920001A3B1 /* Blugrass Billy.mp3 */; };
		73D8614F246330940001A3B1 /* Mr. Mason.mp3 in Resources */ = {isa = PBXBuildFile; fileRef = 73D86145246330920001A3B1 /* Mr. Mason.mp3 */; };
		73D86150246330940001A3B1 /* Enchanting.mp3 in Resources */ = {isa = PBXBuildFile; fileRef = 73D86146246330930001A3B1 /* Enchanting.mp3 */; };
		73D86151246330940001A3B1 /* Make it Snappy.mp3 in Resources */ = {isa = PBXBuildFile; fileRef = 73D86147246330930001A3B1 /* Make it Snappy.mp3 */; };
		73D86152246330940001A3B1 /* Matador's Entry.mp3 in Resources */ = {isa = PBXBuildFile; fileRef = 73D86148246330940001A3B1 /* Matador's Entry.mp3 */; };
		73D86153246330940001A3B1 /* Banana Tree.mp3 in Resources */ = {isa = PBXBuildFile; fileRef = 73D86149246330940001A3B1 /* Banana Tree.mp3 */; };
		73D86154246330940001A3B1 /* Black Fedora.mp3 in Resources */ = {isa = PBXBuildFile; fileRef = 73D8614A246330940001A3B1 /* Black Fedora.mp3 */; };
		73D86155246330940001A3B1 /* Country Pickin'.mp3 in Resources */ = {isa = PBXBuildFile; fileRef = 73D8614B246330940001A3B1 /* Country Pickin'.mp3 */; };
		73D86156246330940001A3B1 /* Fields of Joy.mp3 in Resources */ = {isa = PBXBuildFile; fileRef = 73D8614C246330940001A3B1 /* Fields of Joy.mp3 */; };
		73DEBBDB24253D22002B5EE5 /* AppDelegate.swift in Sources */ = {isa = PBXBuildFile; fileRef = 73DEBBDA24253D22002B5EE5 /* AppDelegate.swift */; };
		73DEBBDD24253D22002B5EE5 /* SceneDelegate.swift in Sources */ = {isa = PBXBuildFile; fileRef = 73DEBBDC24253D22002B5EE5 /* SceneDelegate.swift */; };
		73DEBBE224253D22002B5EE5 /* Main.storyboard in Resources */ = {isa = PBXBuildFile; fileRef = 73DEBBE024253D22002B5EE5 /* Main.storyboard */; };
		73DEBBE524253D22002B5EE5 /* Alarme.xcdatamodeld in Sources */ = {isa = PBXBuildFile; fileRef = 73DEBBE324253D22002B5EE5 /* Alarme.xcdatamodeld */; };
		73DEBBE724253D23002B5EE5 /* Assets.xcassets in Resources */ = {isa = PBXBuildFile; fileRef = 73DEBBE624253D23002B5EE5 /* Assets.xcassets */; };
		73DEBBEA24253D23002B5EE5 /* LaunchScreen.storyboard in Resources */ = {isa = PBXBuildFile; fileRef = 73DEBBE824253D23002B5EE5 /* LaunchScreen.storyboard */; };
		73FFD2492461D5F0006D5DC3 /* AlarmEditTableViewController.swift in Sources */ = {isa = PBXBuildFile; fileRef = 73FFD2482461D5F0006D5DC3 /* AlarmEditTableViewController.swift */; };
/* End PBXBuildFile section */

/* Begin PBXFileReference section */
		733EDC202458B3D20020AD96 /* Sound.swift */ = {isa = PBXFileReference; lastKnownFileType = sourcecode.swift; path = Sound.swift; sourceTree = "<group>"; };
		733EDC222458B8920020AD96 /* AlarmListTableViewController.swift */ = {isa = PBXFileReference; lastKnownFileType = sourcecode.swift; path = AlarmListTableViewController.swift; sourceTree = "<group>"; };
		733EDC242458B9B70020AD96 /* SoundListTableViewController.swift */ = {isa = PBXFileReference; lastKnownFileType = sourcecode.swift; path = SoundListTableViewController.swift; sourceTree = "<group>"; };
		7368B774246068D8009C68C4 /* SoundManager.swift */ = {isa = PBXFileReference; lastKnownFileType = sourcecode.swift; path = SoundManager.swift; sourceTree = "<group>"; };
		7368B77624606929009C68C4 /* ErrorManager.swift */ = {isa = PBXFileReference; lastKnownFileType = sourcecode.swift; path = ErrorManager.swift; sourceTree = "<group>"; };
		7368B77824607035009C68C4 /* Sounds.swift */ = {isa = PBXFileReference; lastKnownFileType = sourcecode.swift; path = Sounds.swift; sourceTree = "<group>"; };
		73877A92244F61F500E0297D /* Alarm.swift */ = {isa = PBXFileReference; lastKnownFileType = sourcecode.swift; path = Alarm.swift; sourceTree = "<group>"; };
		73877A95244F77B800E0297D /* SettingsTableViewController.swift */ = {isa = PBXFileReference; lastKnownFileType = sourcecode.swift; path = SettingsTableViewController.swift; sourceTree = "<group>"; };
		73877A97244F830D00E0297D /* Constants.swift */ = {isa = PBXFileReference; lastKnownFileType = sourcecode.swift; path = Constants.swift; sourceTree = "<group>"; };
		73877A9B244F8BB000E0297D /* NavigationViewController.swift */ = {isa = PBXFileReference; lastKnownFileType = sourcecode.swift; path = NavigationViewController.swift; sourceTree = "<group>"; };
		73B13B4924644E1D007AE9F4 /* UITableView+HideEmptyCells.swift */ = {isa = PBXFileReference; lastKnownFileType = sourcecode.swift; path = "UITableView+HideEmptyCells.swift"; sourceTree = "<group>"; };
		73B13B4B2464619F007AE9F4 /* UITableView+ShowInfoWhenEmpty.swift */ = {isa = PBXFileReference; lastKnownFileType = sourcecode.swift; path = "UITableView+ShowInfoWhenEmpty.swift"; sourceTree = "<group>"; };
		73CC1EBB24378A1F009744F1 /* AlarmTableViewCell.swift */ = {isa = PBXFileReference; lastKnownFileType = sourcecode.swift; path = AlarmTableViewCell.swift; sourceTree = "<group>"; };
		73CC1EBC24378A1F009744F1 /* AlarmTableViewCell.xib */ = {isa = PBXFileReference; lastKnownFileType = file.xib; path = AlarmTableViewCell.xib; sourceTree = "<group>"; };
		73CC1EBF2437A88B009744F1 /* SoundTableViewCell.swift */ = {isa = PBXFileReference; lastKnownFileType = sourcecode.swift; path = SoundTableViewCell.swift; sourceTree = "<group>"; };
		73CC1EC02437A88B009744F1 /* SoundTableViewCell.xib */ = {isa = PBXFileReference; lastKnownFileType = file.xib; path = SoundTableViewCell.xib; sourceTree = "<group>"; };
		73D86143246330920001A3B1 /* It Takes One.mp3 */ = {isa = PBXFileReference; lastKnownFileType = audio.mp3; path = "It Takes One.mp3"; sourceTree = "<group>"; };
		73D86144246330920001A3B1 /* Blugrass Billy.mp3 */ = {isa = PBXFileReference; lastKnownFileType = audio.mp3; path = "Blugrass Billy.mp3"; sourceTree = "<group>"; };
		73D86145246330920001A3B1 /* Mr. Mason.mp3 */ = {isa = PBXFileReference; lastKnownFileType = audio.mp3; path = "Mr. Mason.mp3"; sourceTree = "<group>"; };
		73D86146246330930001A3B1 /* Enchanting.mp3 */ = {isa = PBXFileReference; lastKnownFileType = audio.mp3; path = Enchanting.mp3; sourceTree = "<group>"; };
		73D86147246330930001A3B1 /* Make it Snappy.mp3 */ = {isa = PBXFileReference; lastKnownFileType = audio.mp3; path = "Make it Snappy.mp3"; sourceTree = "<group>"; };
		73D86148246330940001A3B1 /* Matador's Entry.mp3 */ = {isa = PBXFileReference; lastKnownFileType = audio.mp3; path = "Matador's Entry.mp3"; sourceTree = "<group>"; };
		73D86149246330940001A3B1 /* Banana Tree.mp3 */ = {isa = PBXFileReference; lastKnownFileType = audio.mp3; path = "Banana Tree.mp3"; sourceTree = "<group>"; };
		73D8614A246330940001A3B1 /* Black Fedora.mp3 */ = {isa = PBXFileReference; lastKnownFileType = audio.mp3; path = "Black Fedora.mp3"; sourceTree = "<group>"; };
		73D8614B246330940001A3B1 /* Country Pickin'.mp3 */ = {isa = PBXFileReference; lastKnownFileType = audio.mp3; path = "Country Pickin'.mp3"; sourceTree = "<group>"; };
		73D8614C246330940001A3B1 /* Fields of Joy.mp3 */ = {isa = PBXFileReference; lastKnownFileType = audio.mp3; path = "Fields of Joy.mp3"; sourceTree = "<group>"; };
		73DEBBD724253D22002B5EE5 /* Alarme.app */ = {isa = PBXFileReference; explicitFileType = wrapper.application; includeInIndex = 0; path = Alarme.app; sourceTree = BUILT_PRODUCTS_DIR; };
		73DEBBDA24253D22002B5EE5 /* AppDelegate.swift */ = {isa = PBXFileReference; lastKnownFileType = sourcecode.swift; path = AppDelegate.swift; sourceTree = "<group>"; };
		73DEBBDC24253D22002B5EE5 /* SceneDelegate.swift */ = {isa = PBXFileReference; lastKnownFileType = sourcecode.swift; path = SceneDelegate.swift; sourceTree = "<group>"; };
		73DEBBE124253D22002B5EE5 /* Base */ = {isa = PBXFileReference; lastKnownFileType = file.storyboard; name = Base; path = Base.lproj/Main.storyboard; sourceTree = "<group>"; };
		73DEBBE424253D22002B5EE5 /* Alarme.xcdatamodel */ = {isa = PBXFileReference; lastKnownFileType = wrapper.xcdatamodel; path = Alarme.xcdatamodel; sourceTree = "<group>"; };
		73DEBBE624253D23002B5EE5 /* Assets.xcassets */ = {isa = PBXFileReference; lastKnownFileType = folder.assetcatalog; path = Assets.xcassets; sourceTree = "<group>"; };
		73DEBBE924253D23002B5EE5 /* Base */ = {isa = PBXFileReference; lastKnownFileType = file.storyboard; name = Base; path = Base.lproj/LaunchScreen.storyboard; sourceTree = "<group>"; };
		73DEBBEB24253D23002B5EE5 /* Info.plist */ = {isa = PBXFileReference; lastKnownFileType = text.plist.xml; path = Info.plist; sourceTree = "<group>"; };
		73FFD2482461D5F0006D5DC3 /* AlarmEditTableViewController.swift */ = {isa = PBXFileReference; lastKnownFileType = sourcecode.swift; path = AlarmEditTableViewController.swift; sourceTree = "<group>"; };
/* End PBXFileReference section */

/* Begin PBXFrameworksBuildPhase section */
		73DEBBD424253D22002B5EE5 /* Frameworks */ = {
			isa = PBXFrameworksBuildPhase;
			buildActionMask = 2147483647;
			files = (
			);
			runOnlyForDeploymentPostprocessing = 0;
		};
/* End PBXFrameworksBuildPhase section */

/* Begin PBXGroup section */
		7340C4152461AFCD00322353 /* Extensions */ = {
			isa = PBXGroup;
			children = (
				73B13B4924644E1D007AE9F4 /* UITableView+HideEmptyCells.swift */,
				73B13B4B2464619F007AE9F4 /* UITableView+ShowInfoWhenEmpty.swift */,
			);
			path = Extensions;
			sourceTree = "<group>";
		};
		7340C4162461B01500322353 /* Sound */ = {
			isa = PBXGroup;
			children = (
				733EDC202458B3D20020AD96 /* Sound.swift */,
				7368B77824607035009C68C4 /* Sounds.swift */,
				7368B774246068D8009C68C4 /* SoundManager.swift */,
			);
			path = Sound;
			sourceTree = "<group>";
		};
		7340C4172461B01C00322353 /* Alarm */ = {
			isa = PBXGroup;
			children = (
				73877A92244F61F500E0297D /* Alarm.swift */,
			);
			path = Alarm;
			sourceTree = "<group>";
		};
		7340C4182461B02300322353 /* Error */ = {
			isa = PBXGroup;
			children = (
				7368B77624606929009C68C4 /* ErrorManager.swift */,
			);
			path = Error;
			sourceTree = "<group>";
		};
		73877A8E244F5AB500E0297D /* Models */ = {
			isa = PBXGroup;
			children = (
				7340C4182461B02300322353 /* Error */,
				7340C4172461B01C00322353 /* Alarm */,
				7340C4162461B01500322353 /* Sound */,
			);
			path = Models;
			sourceTree = "<group>";
		};
		73877A8F244F5AC500E0297D /* Controllers */ = {
			isa = PBXGroup;
			children = (
				73877A95244F77B800E0297D /* SettingsTableViewController.swift */,
				73877A9B244F8BB000E0297D /* NavigationViewController.swift */,
				733EDC222458B8920020AD96 /* AlarmListTableViewController.swift */,
				733EDC242458B9B70020AD96 /* SoundListTableViewController.swift */,
				73FFD2482461D5F0006D5DC3 /* AlarmEditTableViewController.swift */,
			);
			path = Controllers;
			sourceTree = "<group>";
		};
		73877A90244F5D5800E0297D /* Cells */ = {
			isa = PBXGroup;
			children = (
				73CC1EBF2437A88B009744F1 /* SoundTableViewCell.swift */,
				73CC1EC02437A88B009744F1 /* SoundTableViewCell.xib */,
				73CC1EBB24378A1F009744F1 /* AlarmTableViewCell.swift */,
				73CC1EBC24378A1F009744F1 /* AlarmTableViewCell.xib */,
			);
			path = Cells;
			sourceTree = "<group>";
		};
		73877A91244F5D8C00E0297D /* Resources */ = {
			isa = PBXGroup;
			children = (
				73D3CCC72459DC890047E6C5 /* Sounds */,
				73DEBBE024253D22002B5EE5 /* Main.storyboard */,
				73DEBBE824253D23002B5EE5 /* LaunchScreen.storyboard */,
				73DEBBE624253D23002B5EE5 /* Assets.xcassets */,
			);
			path = Resources;
			sourceTree = "<group>";
		};
		73CC1EAA243788DE009744F1 /* Views */ = {
			isa = PBXGroup;
			children = (
				73877A90244F5D5800E0297D /* Cells */,
			);
			path = Views;
			sourceTree = "<group>";
		};
		73D3CCC72459DC890047E6C5 /* Sounds */ = {
			isa = PBXGroup;
			children = (
				73D86149246330940001A3B1 /* Banana Tree.mp3 */,
				73D8614A246330940001A3B1 /* Black Fedora.mp3 */,
				73D86144246330920001A3B1 /* Blugrass Billy.mp3 */,
				73D8614B246330940001A3B1 /* Country Pickin'.mp3 */,
				73D86146246330930001A3B1 /* Enchanting.mp3 */,
				73D8614C246330940001A3B1 /* Fields of Joy.mp3 */,
				73D86143246330920001A3B1 /* It Takes One.mp3 */,
				73D86147246330930001A3B1 /* Make it Snappy.mp3 */,
				73D86148246330940001A3B1 /* Matador's Entry.mp3 */,
				73D86145246330920001A3B1 /* Mr. Mason.mp3 */,
			);
			path = Sounds;
			sourceTree = "<group>";
		};
		73DEBBCE24253D22002B5EE5 = {
			isa = PBXGroup;
			children = (
				73DEBBD924253D22002B5EE5 /* Alarme */,
				73DEBBD824253D22002B5EE5 /* Products */,
			);
			sourceTree = "<group>";
		};
		73DEBBD824253D22002B5EE5 /* Products */ = {
			isa = PBXGroup;
			children = (
				73DEBBD724253D22002B5EE5 /* Alarme.app */,
			);
			name = Products;
			sourceTree = "<group>";
		};
		73DEBBD924253D22002B5EE5 /* Alarme */ = {
			isa = PBXGroup;
			children = (
				73DEBBDA24253D22002B5EE5 /* AppDelegate.swift */,
				73DEBBDC24253D22002B5EE5 /* SceneDelegate.swift */,
				73877A97244F830D00E0297D /* Constants.swift */,
				73DEBBEB24253D23002B5EE5 /* Info.plist */,
				73DEBBE324253D22002B5EE5 /* Alarme.xcdatamodeld */,
				73877A8E244F5AB500E0297D /* Models */,
				73CC1EAA243788DE009744F1 /* Views */,
				73877A8F244F5AC500E0297D /* Controllers */,
				7340C4152461AFCD00322353 /* Extensions */,
				73877A91244F5D8C00E0297D /* Resources */,
			);
			path = Alarme;
			sourceTree = "<group>";
		};
/* End PBXGroup section */

/* Begin PBXNativeTarget section */
		73DEBBD624253D22002B5EE5 /* Alarme */ = {
			isa = PBXNativeTarget;
			buildConfigurationList = 73DEBBEE24253D23002B5EE5 /* Build configuration list for PBXNativeTarget "Alarme" */;
			buildPhases = (
				73DEBBD324253D22002B5EE5 /* Sources */,
				73DEBBD424253D22002B5EE5 /* Frameworks */,
				73DEBBD524253D22002B5EE5 /* Resources */,
			);
			buildRules = (
			);
			dependencies = (
			);
			name = Alarme;
			productName = Alarme;
			productReference = 73DEBBD724253D22002B5EE5 /* Alarme.app */;
			productType = "com.apple.product-type.application";
		};
/* End PBXNativeTarget section */

/* Begin PBXProject section */
		73DEBBCF24253D22002B5EE5 /* Project object */ = {
			isa = PBXProject;
			attributes = {
				LastSwiftUpdateCheck = 1130;
				LastUpgradeCheck = 1130;
				ORGANIZATIONNAME = "Danijela Vrzan";
				TargetAttributes = {
					73DEBBD624253D22002B5EE5 = {
						CreatedOnToolsVersion = 11.3.1;
					};
				};
			};
			buildConfigurationList = 73DEBBD224253D22002B5EE5 /* Build configuration list for PBXProject "Alarme" */;
			compatibilityVersion = "Xcode 9.3";
			developmentRegion = en;
			hasScannedForEncodings = 0;
			knownRegions = (
				en,
				Base,
			);
			mainGroup = 73DEBBCE24253D22002B5EE5;
			productRefGroup = 73DEBBD824253D22002B5EE5 /* Products */;
			projectDirPath = "";
			projectRoot = "";
			targets = (
				73DEBBD624253D22002B5EE5 /* Alarme */,
			);
		};
/* End PBXProject section */

/* Begin PBXResourcesBuildPhase section */
		73DEBBD524253D22002B5EE5 /* Resources */ = {
			isa = PBXResourcesBuildPhase;
			buildActionMask = 2147483647;
			files = (
				73D86155246330940001A3B1 /* Country Pickin'.mp3 in Resources */,
				73CC1EC22437A88B009744F1 /* SoundTableViewCell.xib in Resources */,
				73DEBBEA24253D23002B5EE5 /* LaunchScreen.storyboard in Resources */,
				73D86154246330940001A3B1 /* Black Fedora.mp3 in Resources */,
				73D86153246330940001A3B1 /* Banana Tree.mp3 in Resources */,
				73DEBBE724253D23002B5EE5 /* Assets.xcassets in Resources */,
				73D86150246330940001A3B1 /* Enchanting.mp3 in Resources */,
				73D8614D246330940001A3B1 /* It Takes One.mp3 in Resources */,
				73D8614E246330940001A3B1 /* Blugrass Billy.mp3 in Resources */,
				73D86152246330940001A3B1 /* Matador's Entry.mp3 in Resources */,
				73D86151246330940001A3B1 /* Make it Snappy.mp3 in Resources */,
				73DEBBE224253D22002B5EE5 /* Main.storyboard in Resources */,
				73D8614F246330940001A3B1 /* Mr. Mason.mp3 in Resources */,
				73D86156246330940001A3B1 /* Fields of Joy.mp3 in Resources */,
				73CC1EBE24378A1F009744F1 /* AlarmTableViewCell.xib in Resources */,
			);
			runOnlyForDeploymentPostprocessing = 0;
		};
/* End PBXResourcesBuildPhase section */

/* Begin PBXSourcesBuildPhase section */
		73DEBBD324253D22002B5EE5 /* Sources */ = {
			isa = PBXSourcesBuildPhase;
			buildActionMask = 2147483647;
			files = (
				73CC1EBD24378A1F009744F1 /* AlarmTableViewCell.swift in Sources */,
				733EDC232458B8920020AD96 /* AlarmListTableViewController.swift in Sources */,
				7368B77724606929009C68C4 /* ErrorManager.swift in Sources */,
				73FFD2492461D5F0006D5DC3 /* AlarmEditTableViewController.swift in Sources */,
				73DEBBE524253D22002B5EE5 /* Alarme.xcdatamodeld in Sources */,
				73DEBBDB24253D22002B5EE5 /* AppDelegate.swift in Sources */,
				7368B775246068D8009C68C4 /* SoundManager.swift in Sources */,
				73877A96244F77B800E0297D /* SettingsTableViewController.swift in Sources */,
				73B13B4C2464619F007AE9F4 /* UITableView+ShowInfoWhenEmpty.swift in Sources */,
				73DEBBDD24253D22002B5EE5 /* SceneDelegate.swift in Sources */,
				733EDC212458B3D20020AD96 /* Sound.swift in Sources */,
				73877A93244F61F500E0297D /* Alarm.swift in Sources */,
				73CC1EC12437A88B009744F1 /* SoundTableViewCell.swift in Sources */,
				733EDC252458B9B70020AD96 /* SoundListTableViewController.swift in Sources */,
				7368B77924607035009C68C4 /* Sounds.swift in Sources */,
				73B13B4A24644E1D007AE9F4 /* UITableView+HideEmptyCells.swift in Sources */,
				73877A9C244F8BB000E0297D /* NavigationViewController.swift in Sources */,
				73877A98244F830D00E0297D /* Constants.swift in Sources */,
			);
			runOnlyForDeploymentPostprocessing = 0;
		};
/* End PBXSourcesBuildPhase section */

/* Begin PBXVariantGroup section */
		73DEBBE024253D22002B5EE5 /* Main.storyboard */ = {
			isa = PBXVariantGroup;
			children = (
				73DEBBE124253D22002B5EE5 /* Base */,
			);
			name = Main.storyboard;
			sourceTree = "<group>";
		};
		73DEBBE824253D23002B5EE5 /* LaunchScreen.storyboard */ = {
			isa = PBXVariantGroup;
			children = (
				73DEBBE924253D23002B5EE5 /* Base */,
			);
			name = LaunchScreen.storyboard;
			sourceTree = "<group>";
		};
/* End PBXVariantGroup section */

/* Begin XCBuildConfiguration section */
		73DEBBEC24253D23002B5EE5 /* Debug */ = {
			isa = XCBuildConfiguration;
			buildSettings = {
				ALWAYS_SEARCH_USER_PATHS = NO;
				CLANG_ANALYZER_NONNULL = YES;
				CLANG_ANALYZER_NUMBER_OBJECT_CONVERSION = YES_AGGRESSIVE;
				CLANG_CXX_LANGUAGE_STANDARD = "gnu++14";
				CLANG_CXX_LIBRARY = "libc++";
				CLANG_ENABLE_MODULES = YES;
				CLANG_ENABLE_OBJC_ARC = YES;
				CLANG_ENABLE_OBJC_WEAK = YES;
				CLANG_WARN_BLOCK_CAPTURE_AUTORELEASING = YES;
				CLANG_WARN_BOOL_CONVERSION = YES;
				CLANG_WARN_COMMA = YES;
				CLANG_WARN_CONSTANT_CONVERSION = YES;
				CLANG_WARN_DEPRECATED_OBJC_IMPLEMENTATIONS = YES;
				CLANG_WARN_DIRECT_OBJC_ISA_USAGE = YES_ERROR;
				CLANG_WARN_DOCUMENTATION_COMMENTS = YES;
				CLANG_WARN_EMPTY_BODY = YES;
				CLANG_WARN_ENUM_CONVERSION = YES;
				CLANG_WARN_INFINITE_RECURSION = YES;
				CLANG_WARN_INT_CONVERSION = YES;
				CLANG_WARN_NON_LITERAL_NULL_CONVERSION = YES;
				CLANG_WARN_OBJC_IMPLICIT_RETAIN_SELF = YES;
				CLANG_WARN_OBJC_LITERAL_CONVERSION = YES;
				CLANG_WARN_OBJC_ROOT_CLASS = YES_ERROR;
				CLANG_WARN_RANGE_LOOP_ANALYSIS = YES;
				CLANG_WARN_STRICT_PROTOTYPES = YES;
				CLANG_WARN_SUSPICIOUS_MOVE = YES;
				CLANG_WARN_UNGUARDED_AVAILABILITY = YES_AGGRESSIVE;
				CLANG_WARN_UNREACHABLE_CODE = YES;
				CLANG_WARN__DUPLICATE_METHOD_MATCH = YES;
				COPY_PHASE_STRIP = NO;
				DEBUG_INFORMATION_FORMAT = dwarf;
				ENABLE_STRICT_OBJC_MSGSEND = YES;
				ENABLE_TESTABILITY = YES;
				GCC_C_LANGUAGE_STANDARD = gnu11;
				GCC_DYNAMIC_NO_PIC = NO;
				GCC_NO_COMMON_BLOCKS = YES;
				GCC_OPTIMIZATION_LEVEL = 0;
				GCC_PREPROCESSOR_DEFINITIONS = (
					"DEBUG=1",
					"$(inherited)",
				);
				GCC_WARN_64_TO_32_BIT_CONVERSION = YES;
				GCC_WARN_ABOUT_RETURN_TYPE = YES_ERROR;
				GCC_WARN_UNDECLARED_SELECTOR = YES;
				GCC_WARN_UNINITIALIZED_AUTOS = YES_AGGRESSIVE;
				GCC_WARN_UNUSED_FUNCTION = YES;
				GCC_WARN_UNUSED_VARIABLE = YES;
				IPHONEOS_DEPLOYMENT_TARGET = 13.2;
				MTL_ENABLE_DEBUG_INFO = INCLUDE_SOURCE;
				MTL_FAST_MATH = YES;
				ONLY_ACTIVE_ARCH = YES;
				SDKROOT = iphoneos;
				SWIFT_ACTIVE_COMPILATION_CONDITIONS = DEBUG;
				SWIFT_OPTIMIZATION_LEVEL = "-Onone";
			};
			name = Debug;
		};
		73DEBBED24253D23002B5EE5 /* Release */ = {
			isa = XCBuildConfiguration;
			buildSettings = {
				ALWAYS_SEARCH_USER_PATHS = NO;
				CLANG_ANALYZER_NONNULL = YES;
				CLANG_ANALYZER_NUMBER_OBJECT_CONVERSION = YES_AGGRESSIVE;
				CLANG_CXX_LANGUAGE_STANDARD = "gnu++14";
				CLANG_CXX_LIBRARY = "libc++";
				CLANG_ENABLE_MODULES = YES;
				CLANG_ENABLE_OBJC_ARC = YES;
				CLANG_ENABLE_OBJC_WEAK = YES;
				CLANG_WARN_BLOCK_CAPTURE_AUTORELEASING = YES;
				CLANG_WARN_BOOL_CONVERSION = YES;
				CLANG_WARN_COMMA = YES;
				CLANG_WARN_CONSTANT_CONVERSION = YES;
				CLANG_WARN_DEPRECATED_OBJC_IMPLEMENTATIONS = YES;
				CLANG_WARN_DIRECT_OBJC_ISA_USAGE = YES_ERROR;
				CLANG_WARN_DOCUMENTATION_COMMENTS = YES;
				CLANG_WARN_EMPTY_BODY = YES;
				CLANG_WARN_ENUM_CONVERSION = YES;
				CLANG_WARN_INFINITE_RECURSION = YES;
				CLANG_WARN_INT_CONVERSION = YES;
				CLANG_WARN_NON_LITERAL_NULL_CONVERSION = YES;
				CLANG_WARN_OBJC_IMPLICIT_RETAIN_SELF = YES;
				CLANG_WARN_OBJC_LITERAL_CONVERSION = YES;
				CLANG_WARN_OBJC_ROOT_CLASS = YES_ERROR;
				CLANG_WARN_RANGE_LOOP_ANALYSIS = YES;
				CLANG_WARN_STRICT_PROTOTYPES = YES;
				CLANG_WARN_SUSPICIOUS_MOVE = YES;
				CLANG_WARN_UNGUARDED_AVAILABILITY = YES_AGGRESSIVE;
				CLANG_WARN_UNREACHABLE_CODE = YES;
				CLANG_WARN__DUPLICATE_METHOD_MATCH = YES;
				COPY_PHASE_STRIP = NO;
				DEBUG_INFORMATION_FORMAT = "dwarf-with-dsym";
				ENABLE_NS_ASSERTIONS = NO;
				ENABLE_STRICT_OBJC_MSGSEND = YES;
				GCC_C_LANGUAGE_STANDARD = gnu11;
				GCC_NO_COMMON_BLOCKS = YES;
				GCC_WARN_64_TO_32_BIT_CONVERSION = YES;
				GCC_WARN_ABOUT_RETURN_TYPE = YES_ERROR;
				GCC_WARN_UNDECLARED_SELECTOR = YES;
				GCC_WARN_UNINITIALIZED_AUTOS = YES_AGGRESSIVE;
				GCC_WARN_UNUSED_FUNCTION = YES;
				GCC_WARN_UNUSED_VARIABLE = YES;
				IPHONEOS_DEPLOYMENT_TARGET = 13.2;
				MTL_ENABLE_DEBUG_INFO = NO;
				MTL_FAST_MATH = YES;
				SDKROOT = iphoneos;
				SWIFT_COMPILATION_MODE = wholemodule;
				SWIFT_OPTIMIZATION_LEVEL = "-O";
				VALIDATE_PRODUCT = YES;
			};
			name = Release;
		};
		73DEBBEF24253D23002B5EE5 /* Debug */ = {
			isa = XCBuildConfiguration;
			buildSettings = {
				ASSETCATALOG_COMPILER_APPICON_NAME = AppIcon;
				CODE_SIGN_STYLE = Automatic;
				DEVELOPMENT_TEAM = 9G3SM93N6Z;
				INFOPLIST_FILE = Alarme/Info.plist;
				LD_RUNPATH_SEARCH_PATHS = (
					"$(inherited)",
					"@executable_path/Frameworks",
				);
				PRODUCT_BUNDLE_IDENTIFIER = com.danijelavrzan.Alarme;
				PRODUCT_NAME = "$(TARGET_NAME)";
				SWIFT_VERSION = 5.0;
				TARGETED_DEVICE_FAMILY = 1;
			};
			name = Debug;
		};
		73DEBBF024253D23002B5EE5 /* Release */ = {
			isa = XCBuildConfiguration;
			buildSettings = {
				ASSETCATALOG_COMPILER_APPICON_NAME = AppIcon;
				CODE_SIGN_STYLE = Automatic;
				DEVELOPMENT_TEAM = 9G3SM93N6Z;
				INFOPLIST_FILE = Alarme/Info.plist;
				LD_RUNPATH_SEARCH_PATHS = (
					"$(inherited)",
					"@executable_path/Frameworks",
				);
				PRODUCT_BUNDLE_IDENTIFIER = com.danijelavrzan.Alarme;
				PRODUCT_NAME = "$(TARGET_NAME)";
				SWIFT_VERSION = 5.0;
				TARGETED_DEVICE_FAMILY = 1;
			};
			name = Release;
		};
/* End XCBuildConfiguration section */

/* Begin XCConfigurationList section */
		73DEBBD224253D22002B5EE5 /* Build configuration list for PBXProject "Alarme" */ = {
			isa = XCConfigurationList;
			buildConfigurations = (
				73DEBBEC24253D23002B5EE5 /* Debug */,
				73DEBBED24253D23002B5EE5 /* Release */,
			);
			defaultConfigurationIsVisible = 0;
			defaultConfigurationName = Release;
		};
		73DEBBEE24253D23002B5EE5 /* Build configuration list for PBXNativeTarget "Alarme" */ = {
			isa = XCConfigurationList;
			buildConfigurations = (
				73DEBBEF24253D23002B5EE5 /* Debug */,
				73DEBBF024253D23002B5EE5 /* Release */,
			);
			defaultConfigurationIsVisible = 0;
			defaultConfigurationName = Release;
		};
/* End XCConfigurationList section */

/* Begin XCVersionGroup section */
		73DEBBE324253D22002B5EE5 /* Alarme.xcdatamodeld */ = {
			isa = XCVersionGroup;
			children = (
				73DEBBE424253D22002B5EE5 /* Alarme.xcdatamodel */,
			);
			currentVersion = 73DEBBE424253D22002B5EE5 /* Alarme.xcdatamodel */;
			path = Alarme.xcdatamodeld;
			sourceTree = "<group>";
			versionGroupType = wrapper.xcdatamodel;
		};
/* End XCVersionGroup section */
	};
	rootObject = 73DEBBCF24253D22002B5EE5 /* Project object */;
}
